
Microsoft Visual Studio Solution File, Format Version 12.00
# Visual Studio Version 16
VisualStudioVersion = 16.0.31313.79
MinimumVisualStudioVersion = 10.0.40219.1
Project("{FAE04EC0-301F-11D3-BF4B-00C04F79EFBC}") = "BakingProductProject", "BakingProductProject\BakingProductProject.csproj", "{4FC7153B-805C-4E02-90E4-411E1AF38EC3}"
EndProject
Global
	GlobalSection(SolutionConfigurationPlatforms) = preSolution
		Debug|Any CPU = Debug|Any CPU
		Release|Any CPU = Release|Any CPU
	EndGlobalSection
	GlobalSection(ProjectConfigurationPlatforms) = postSolution
		{4FC7153B-805C-4E02-90E4-411E1AF38EC3}.Debug|Any CPU.ActiveCfg = Debug|Any CPU
		{4FC7153B-805C-4E02-90E4-411E1AF38EC3}.Debug|Any CPU.Build.0 = Debug|Any CPU
		{4FC7153B-805C-4E02-90E4-411E1AF38EC3}.Release|Any CPU.ActiveCfg = Release|Any CPU
		{4FC7153B-805C-4E02-90E4-411E1AF38EC3}.Release|Any CPU.Build.0 = Release|Any CPU
	EndGlobalSection
	GlobalSection(SolutionProperties) = preSolution
		HideSolutionNode = FALSE
	EndGlobalSection
	GlobalSection(ExtensibilityGlobals) = postSolution
		SolutionGuid = {D944E80C-AE5B-48CC-8C71-D4B71931C1F0}
	EndGlobalSection
EndGlobal
